
Microsoft Visual Studio Solution File, Format Version 12.00
# Visual Studio Version 16
VisualStudioVersion = 16.0.31105.61
MinimumVisualStudioVersion = 10.0.40219.1
Project("{FAE04EC0-301F-11D3-BF4B-00C04F79EFBC}") = "WebApiKey", "WebApiKey\WebApiKey.csproj", "{FCD9023F-B3A4-4E57-873D-CC102BF7491D}"
EndProject
Global
	GlobalSection(SolutionConfigurationPlatforms) = preSolution
		Debug|Any CPU = Debug|Any CPU
		Release|Any CPU = Release|Any CPU
	EndGlobalSection
	GlobalSection(ProjectConfigurationPlatforms) = postSolution
		{FCD9023F-B3A4-4E57-873D-CC102BF7491D}.Debug|Any CPU.ActiveCfg = Debug|Any CPU
		{FCD9023F-B3A4-4E57-873D-CC102BF7491D}.Debug|Any CPU.Build.0 = Debug|Any CPU
		{FCD9023F-B3A4-4E57-873D-CC102BF7491D}.Release|Any CPU.ActiveCfg = Release|Any CPU
		{FCD9023F-B3A4-4E57-873D-CC102BF7491D}.Release|Any CPU.Build.0 = Release|Any CPU
	EndGlobalSection
	GlobalSection(SolutionProperties) = preSolution
		HideSolutionNode = FALSE
	EndGlobalSection
	GlobalSection(ExtensibilityGlobals) = postSolution
		SolutionGuid = {68FB25C6-C6EE-4C0F-B066-21AE878B0C8F}
	EndGlobalSection
EndGlobal
